
Microsoft Visual Studio Solution File, Format Version 12.00
# Visual Studio Version 17
VisualStudioVersion = 17.9.34728.123
MinimumVisualStudioVersion = 10.0.40219.1
Project("{FAE04EC0-301F-11D3-BF4B-00C04F79EFBC}") = "CreateTaskCalculator", "CreateTaskCalculator\CreateTaskCalculator.csproj", "{F050C2AA-C808-4665-A9E6-C5ED8953BB44}"
EndProject
Global
	GlobalSection(SolutionConfigurationPlatforms) = preSolution
		Debug|Any CPU = Debug|Any CPU
		Release|Any CPU = Release|Any CPU
	EndGlobalSection
	GlobalSection(ProjectConfigurationPlatforms) = postSolution
		{F050C2AA-C808-4665-A9E6-C5ED8953BB44}.Debug|Any CPU.ActiveCfg = Debug|Any CPU
		{F050C2AA-C808-4665-A9E6-C5ED8953BB44}.Debug|Any CPU.Build.0 = Debug|Any CPU
		{F050C2AA-C808-4665-A9E6-C5ED8953BB44}.Release|Any CPU.ActiveCfg = Release|Any CPU
		{F050C2AA-C808-4665-A9E6-C5ED8953BB44}.Release|Any CPU.Build.0 = Release|Any CPU
	EndGlobalSection
	GlobalSection(SolutionProperties) = preSolution
		HideSolutionNode = FALSE
	EndGlobalSection
	GlobalSection(ExtensibilityGlobals) = postSolution
		SolutionGuid = {AC3FB4D9-1E97-415A-975C-6E66677EA8FF}
	EndGlobalSection
EndGlobal
